{
  "requires": true,
  "lockfileVersion": 1,
  "dependencies": {
    "reset-css": {
      "version": "4.0.1",
      "resolved": "https://registry.npmjs.org/reset-css/-/reset-css-4.0.1.tgz",
      "integrity": "sha512-aQFi5IxXVegVTfz0hOmXsPSmc8tlPDQOkfatHfPu3Cm6id7UXM4OzXfsaUWJEgV2yrCngsagpIb3wHXPjKAx+Q=="
    }
  }
}
